
Microsoft Visual Studio Solution File, Format Version 12.00
# Visual Studio Version 16
VisualStudioVersion = 16.0.30011.22
MinimumVisualStudioVersion = 10.0.40219.1
Project("{9A19103F-16F7-4668-BE54-9A1E7A4F7556}") = "UI", "UI\UI.csproj", "{302AD470-CD39-412A-969E-2B6F341C341C}"
EndProject
Project("{9A19103F-16F7-4668-BE54-9A1E7A4F7556}") = "NotTaxTim.Api", "API\NotTaxTim.Api.csproj", "{9932BC2B-A37B-46E8-99A7-F40950FD4097}"
EndProject
Project("{9A19103F-16F7-4668-BE54-9A1E7A4F7556}") = "NotTaxTim.Database", "DATABASE\NotTaxTim.Database.csproj", "{D96486A9-775C-456E-BA13-9D5C9DB06EA2}"
EndProject
Project("{9A19103F-16F7-4668-BE54-9A1E7A4F7556}") = "NotTaxTim.Api.Integrtions.Tests", "API.INTEGRATION.TESTS\NotTaxTim.Api.Integrtions.Tests.csproj", "{6BEA6C33-C5C0-43B3-9995-13ED21C72865}"
EndProject
Project("{9A19103F-16F7-4668-BE54-9A1E7A4F7556}") = "NotTaxTim.Logic", "NotTaxTim.Logic\NotTaxTim.Logic.csproj", "{011511A2-37DA-4894-8811-37A030C2B2E7}"
EndProject
Global
	GlobalSection(SolutionConfigurationPlatforms) = preSolution
		Debug|Any CPU = Debug|Any CPU
		Release|Any CPU = Release|Any CPU
	EndGlobalSection
	GlobalSection(ProjectConfigurationPlatforms) = postSolution
		{302AD470-CD39-412A-969E-2B6F341C341C}.Debug|Any CPU.ActiveCfg = Debug|Any CPU
		{302AD470-CD39-412A-969E-2B6F341C341C}.Debug|Any CPU.Build.0 = Debug|Any CPU
		{302AD470-CD39-412A-969E-2B6F341C341C}.Release|Any CPU.ActiveCfg = Release|Any CPU
		{302AD470-CD39-412A-969E-2B6F341C341C}.Release|Any CPU.Build.0 = Release|Any CPU
		{9932BC2B-A37B-46E8-99A7-F40950FD4097}.Debug|Any CPU.ActiveCfg = Debug|Any CPU
		{9932BC2B-A37B-46E8-99A7-F40950FD4097}.Debug|Any CPU.Build.0 = Debug|Any CPU
		{9932BC2B-A37B-46E8-99A7-F40950FD4097}.Release|Any CPU.ActiveCfg = Release|Any CPU
		{9932BC2B-A37B-46E8-99A7-F40950FD4097}.Release|Any CPU.Build.0 = Release|Any CPU
		{D96486A9-775C-456E-BA13-9D5C9DB06EA2}.Debug|Any CPU.ActiveCfg = Debug|Any CPU
		{D96486A9-775C-456E-BA13-9D5C9DB06EA2}.Debug|Any CPU.Build.0 = Debug|Any CPU
		{D96486A9-775C-456E-BA13-9D5C9DB06EA2}.Release|Any CPU.ActiveCfg = Release|Any CPU
		{D96486A9-775C-456E-BA13-9D5C9DB06EA2}.Release|Any CPU.Build.0 = Release|Any CPU
		{6BEA6C33-C5C0-43B3-9995-13ED21C72865}.Debug|Any CPU.ActiveCfg = Debug|Any CPU
		{6BEA6C33-C5C0-43B3-9995-13ED21C72865}.Debug|Any CPU.Build.0 = Debug|Any CPU
		{6BEA6C33-C5C0-43B3-9995-13ED21C72865}.Release|Any CPU.ActiveCfg = Release|Any CPU
		{6BEA6C33-C5C0-43B3-9995-13ED21C72865}.Release|Any CPU.Build.0 = Release|Any CPU
		{011511A2-37DA-4894-8811-37A030C2B2E7}.Debug|Any CPU.ActiveCfg = Debug|Any CPU
		{011511A2-37DA-4894-8811-37A030C2B2E7}.Debug|Any CPU.Build.0 = Debug|Any CPU
		{011511A2-37DA-4894-8811-37A030C2B2E7}.Release|Any CPU.ActiveCfg = Release|Any CPU
		{011511A2-37DA-4894-8811-37A030C2B2E7}.Release|Any CPU.Build.0 = Release|Any CPU
	EndGlobalSection
	GlobalSection(SolutionProperties) = preSolution
		HideSolutionNode = FALSE
	EndGlobalSection
	GlobalSection(ExtensibilityGlobals) = postSolution
		SolutionGuid = {B1694E60-619E-4073-93EC-2B4F6079B193}
	EndGlobalSection
EndGlobal
